
Microsoft Visual Studio Solution File, Format Version 12.00
# Visual Studio Version 16
VisualStudioVersion = 16.0.31702.278
MinimumVisualStudioVersion = 10.0.40219.1
Project("{9A19103F-16F7-4668-BE54-9A1E7A4F7556}") = "MathForGames", "MathForGamesSorceCode\MathForGames.csproj", "{5C1F8F95-F0B7-46CF-A657-1DB2039ABBE2}"
EndProject
Project("{9A19103F-16F7-4668-BE54-9A1E7A4F7556}") = "MathLibaray", "MathLibaray\MathLibaray.csproj", "{76F7ABF9-A168-475C-89A9-48AC6BE56841}"
EndProject
Project("{FAE04EC0-301F-11D3-BF4B-00C04F79EFBC}") = "UnitTestProject", "UnitTestProject\UnitTestProject.csproj", "{2731BE78-C467-4E92-9381-4F6B9EA68963}"
EndProject
Global
	GlobalSection(SolutionConfigurationPlatforms) = preSolution
		Debug|Any CPU = Debug|Any CPU
		Release|Any CPU = Release|Any CPU
	EndGlobalSection
	GlobalSection(ProjectConfigurationPlatforms) = postSolution
		{5C1F8F95-F0B7-46CF-A657-1DB2039ABBE2}.Debug|Any CPU.ActiveCfg = Debug|Any CPU
		{5C1F8F95-F0B7-46CF-A657-1DB2039ABBE2}.Debug|Any CPU.Build.0 = Debug|Any CPU
		{5C1F8F95-F0B7-46CF-A657-1DB2039ABBE2}.Release|Any CPU.ActiveCfg = Release|Any CPU
		{5C1F8F95-F0B7-46CF-A657-1DB2039ABBE2}.Release|Any CPU.Build.0 = Release|Any CPU
		{76F7ABF9-A168-475C-89A9-48AC6BE56841}.Debug|Any CPU.ActiveCfg = Debug|Any CPU
		{76F7ABF9-A168-475C-89A9-48AC6BE56841}.Debug|Any CPU.Build.0 = Debug|Any CPU
		{76F7ABF9-A168-475C-89A9-48AC6BE56841}.Release|Any CPU.ActiveCfg = Release|Any CPU
		{76F7ABF9-A168-475C-89A9-48AC6BE56841}.Release|Any CPU.Build.0 = Release|Any CPU
		{2731BE78-C467-4E92-9381-4F6B9EA68963}.Debug|Any CPU.ActiveCfg = Debug|Any CPU
		{2731BE78-C467-4E92-9381-4F6B9EA68963}.Debug|Any CPU.Build.0 = Debug|Any CPU
		{2731BE78-C467-4E92-9381-4F6B9EA68963}.Release|Any CPU.ActiveCfg = Release|Any CPU
		{2731BE78-C467-4E92-9381-4F6B9EA68963}.Release|Any CPU.Build.0 = Release|Any CPU
	EndGlobalSection
	GlobalSection(SolutionProperties) = preSolution
		HideSolutionNode = FALSE
	EndGlobalSection
	GlobalSection(ExtensibilityGlobals) = postSolution
		SolutionGuid = {77C160E0-92F7-4B15-BBF2-4DA5716511F6}
	EndGlobalSection
EndGlobal
